<Project DefaultTargets="Build" ToolsVersion="4.0" xmlns="http://schemas.microsoft.com/developer/msbuild/2003">
	<ItemGroup>
		<Filter Include="TwinCAT">
			<UniqueIdentifier>{1EA0ED53-490A-4873-459D-A916B4C1BEDC}</UniqueIdentifier>
		</Filter>
		<Filter Include="TwinCAT\ClassFactory">
			<UniqueIdentifier>{3E633FD0-A3B3-C129-B383-C542B05CDDE9}</UniqueIdentifier>
		</Filter>
		<Filter Include="TwinCAT\RT">
			<UniqueIdentifier>{0F17503B-7980-03EC-0BFE-DFC8170A443C}</UniqueIdentifier>
		</Filter>
		<Filter Include="TwinCAT\OS">
			<UniqueIdentifier>{DA809590-50C1-1C26-5353-A40DC201B7EB}</UniqueIdentifier>
		</Filter>
		<Filter Include="TwinCAT\UM">
			<UniqueIdentifier>{30E62EA2-B87A-43C6-3B85-B7597BA37080}</UniqueIdentifier>
		</Filter>
		<Filter Include="TwinCAT\Classes">
			<UniqueIdentifier>{C761694D-87F6-99FF-E27C-CFF30A4BA283}</UniqueIdentifier>
		</Filter>
		<Filter Include="TwinCAT\Classes\sinusfahrt">
			<UniqueIdentifier>{80747A1F-B92F-2525-F42F-82140629DE9D}</UniqueIdentifier>
		</Filter>
		<Filter Include="Resource Files">
			<UniqueIdentifier>{22657CE1-AFD3-7811-01FC-E0AA30AABEBC}</UniqueIdentifier>
		</Filter>
		<Filter Include="Simulink">
			<UniqueIdentifier>{7018CF3F-FD4E-B13E-1B7B-636A9E9457F5}</UniqueIdentifier>
		</Filter>
		<Filter Include="Simulink\sinusfahrt">
			<UniqueIdentifier>{AF62C33A-28BE-0BB0-E2F9-3663CD348C23}</UniqueIdentifier>
		</Filter>
		<Filter Include="Simulink\sinusfahrt\Sources">
			<UniqueIdentifier>{263E5886-E3A6-4327-759D-C211DBDB1321}</UniqueIdentifier>
		</Filter>
		<Filter Include="Simulink\sinusfahrt\Includes">
			<UniqueIdentifier>{5176DAEE-32A9-BD6C-B2CF-54AC0265575A}</UniqueIdentifier>
		</Filter>
		<Filter Include="xml">
			<UniqueIdentifier>{0AF2B83F-0134-A391-9DF0-9F8F30AC2C97}</UniqueIdentifier>
		</Filter>
		<Filter Include="TMx">
			<UniqueIdentifier>{0B0AC30E-ABC4-7D60-A4FA-0CBCF9814518}</UniqueIdentifier>
		</Filter>
	</ItemGroup>
	<ItemGroup>
		<ClInclude Include="TcPch.h">
			<Filter>TwinCAT</Filter>
		</ClInclude>
		<ClInclude Include="sinusfahrtServices.h">
			<Filter>TwinCAT</Filter>
		</ClInclude>
		<ClInclude Include="sinusfahrtDuts.h">
			<Filter>TwinCAT</Filter>
		</ClInclude>
		<ClInclude Include="sinusfahrtInterfaces.h">
			<Filter>TwinCAT</Filter>
		</ClInclude>
		<ClInclude Include="sinusfahrtClassFactory.h">
			<Filter>TwinCAT\ClassFactory</Filter>
		</ClInclude>
		<ClInclude Include="sinusfahrtDrv.h">
			<Filter>TwinCAT\RT</Filter>
		</ClInclude>
		<ClInclude Include="sinusfahrtCtrl.h">
			<Filter>TwinCAT\UM</Filter>
		</ClInclude>
		<ClInclude Include="sinusfahrtW32.h">
			<Filter>TwinCAT\UM</Filter>
		</ClInclude>
		<ClInclude Include="sinusfahrtW32Resource.h">
			<Filter>TwinCAT\UM</Filter>
		</ClInclude>
		<ClInclude Include="TcComsinusfahrt.h">
			<Filter>TwinCAT\Classes\sinusfahrt</Filter>
		</ClInclude>
		<ClInclude Include="Fbsinusfahrt.h">
			<Filter>TwinCAT\Classes\sinusfahrt</Filter>
		</ClInclude>
		<ClInclude Include="sinusfahrtInternal.h">
			<Filter>TwinCAT\Classes\sinusfahrt</Filter>
		</ClInclude>
		<ClInclude Include="$(Simulink_sinusfahrt_START_DIR)\sinusfahrt_tcgrt\multiword_types.h">
			<Filter>Simulink\sinusfahrt\Includes</Filter>
		</ClInclude>
		<ClInclude Include="$(Simulink_sinusfahrt_START_DIR)\sinusfahrt_tcgrt\rtmodel.h">
			<Filter>Simulink\sinusfahrt\Includes</Filter>
		</ClInclude>
		<ClInclude Include="$(Simulink_sinusfahrt_START_DIR)\sinusfahrt_tcgrt\rtwtypes.h">
			<Filter>Simulink\sinusfahrt\Includes</Filter>
		</ClInclude>
		<ClInclude Include="$(Simulink_sinusfahrt_START_DIR)\sinusfahrt_tcgrt\sinusfahrt.h">
			<Filter>Simulink\sinusfahrt\Includes</Filter>
		</ClInclude>
		<ClInclude Include="$(Simulink_sinusfahrt_START_DIR)\sinusfahrt_tcgrt\sinusfahrt_private.h">
			<Filter>Simulink\sinusfahrt\Includes</Filter>
		</ClInclude>
		<ClInclude Include="$(Simulink_sinusfahrt_START_DIR)\sinusfahrt_tcgrt\sinusfahrt_types.h">
			<Filter>Simulink\sinusfahrt\Includes</Filter>
		</ClInclude>
	</ItemGroup>
	<ItemGroup>
		<ClCompile Include="TcPch.cpp">
			<Filter>TwinCAT</Filter>
		</ClCompile>
		<ClCompile Include="sinusfahrtClassFactory.cpp">
			<Filter>TwinCAT\ClassFactory</Filter>
		</ClCompile>
		<ClCompile Include="sinusfahrtDrv.cpp">
			<Filter>TwinCAT\RT</Filter>
		</ClCompile>
		<ClCompile Include="sinusfahrtModulesMain.cpp">
			<Filter>TwinCAT\OS</Filter>
		</ClCompile>
		<ClCompile Include="sinusfahrtCtrl.cpp">
			<Filter>TwinCAT\UM</Filter>
		</ClCompile>
		<ClCompile Include="sinusfahrtW32.cpp">
			<Filter>TwinCAT\UM</Filter>
		</ClCompile>
		<ClCompile Include="TcComsinusfahrt.cpp">
			<Filter>TwinCAT\Classes\sinusfahrt</Filter>
		</ClCompile>
		<ClCompile Include="Fbsinusfahrt.cpp">
			<Filter>TwinCAT\Classes\sinusfahrt</Filter>
		</ClCompile>
		<ClCompile Include="$(Simulink_sinusfahrt_START_DIR)\sinusfahrt_tcgrt\sinusfahrt.cpp">
			<Filter>Simulink\sinusfahrt\Sources</Filter>
		</ClCompile>
		<ClCompile Include="$(Simulink_sinusfahrt_MATLAB_ROOT)\rtw\c\src\common\rt_malloc_main.cpp">
			<Filter>Simulink\sinusfahrt\Sources</Filter>
		</ClCompile>
	</ItemGroup>
	<ItemGroup>
		<ResourceCompile Include="sinusfahrtW32.rc">
			<Filter>TwinCAT\UM</Filter>
		</ResourceCompile>
		<ResourceCompile Include="sinusfahrt.rc">
			<Filter>Resource Files</Filter>
		</ResourceCompile>
	</ItemGroup>
	<ItemGroup>
		<None Include="sinusfahrtArtifacts.props">
			<Filter>sinusfahrt.vcxproj</Filter>
		</None>
		<None Include="sinusfahrtW32.def">
			<Filter>TwinCAT\UM</Filter>
		</None>
		<None Include="sinusfahrt_ModuleInfo.xml">
			<Filter>TwinCAT\Classes\sinusfahrt</Filter>
		</None>
		<None Include="sinusfahrt.libcat.xml">
			<Filter>xml</Filter>
		</None>
		<None Include="sinusfahrt.tmc">
			<Filter>TMx</Filter>
		</None>
		<None Include="sinusfahrt.tml">
			<Filter>TMx</Filter>
		</None>
	</ItemGroup>
</Project>
