
Microsoft Visual Studio Solution File, Format Version 12.00
# Visual Studio 15
VisualStudioVersion = 15.0.28307.1500
MinimumVisualStudioVersion = 10.0.40219.1
Project("{B1E792BE-AA5F-4E3C-8C82-674BF9C0715B}") = "HAWino_Starterkit_v3", "HAWino_Starterkit_v3\HAWino_Starterkit_v3.tsproj", "{953E7D24-8971-4ED8-AECF-7CA52AD733DF}"
EndProject
Global
	GlobalSection(SolutionConfigurationPlatforms) = preSolution
		Debug|TwinCAT CE7 (ARMV7) = Debug|TwinCAT CE7 (ARMV7)
		Debug|TwinCAT OS (ARMT2) = Debug|TwinCAT OS (ARMT2)
		Debug|TwinCAT RT (x64) = Debug|TwinCAT RT (x64)
		Debug|TwinCAT RT (x86) = Debug|TwinCAT RT (x86)
		Release|TwinCAT CE7 (ARMV7) = Release|TwinCAT CE7 (ARMV7)
		Release|TwinCAT OS (ARMT2) = Release|TwinCAT OS (ARMT2)
		Release|TwinCAT RT (x64) = Release|TwinCAT RT (x64)
		Release|TwinCAT RT (x86) = Release|TwinCAT RT (x86)
	EndGlobalSection
	GlobalSection(ProjectConfigurationPlatforms) = postSolution
		{953E7D24-8971-4ED8-AECF-7CA52AD733DF}.Debug|TwinCAT CE7 (ARMV7).ActiveCfg = Debug|TwinCAT CE7 (ARMV7)
		{953E7D24-8971-4ED8-AECF-7CA52AD733DF}.Debug|TwinCAT CE7 (ARMV7).Build.0 = Debug|TwinCAT CE7 (ARMV7)
		{953E7D24-8971-4ED8-AECF-7CA52AD733DF}.Debug|TwinCAT OS (ARMT2).ActiveCfg = Debug|TwinCAT OS (ARMT2)
		{953E7D24-8971-4ED8-AECF-7CA52AD733DF}.Debug|TwinCAT OS (ARMT2).Build.0 = Debug|TwinCAT OS (ARMT2)
		{953E7D24-8971-4ED8-AECF-7CA52AD733DF}.Debug|TwinCAT RT (x64).ActiveCfg = Debug|TwinCAT RT (x64)
		{953E7D24-8971-4ED8-AECF-7CA52AD733DF}.Debug|TwinCAT RT (x64).Build.0 = Debug|TwinCAT RT (x64)
		{953E7D24-8971-4ED8-AECF-7CA52AD733DF}.Debug|TwinCAT RT (x86).ActiveCfg = Debug|TwinCAT RT (x86)
		{953E7D24-8971-4ED8-AECF-7CA52AD733DF}.Debug|TwinCAT RT (x86).Build.0 = Debug|TwinCAT RT (x86)
		{953E7D24-8971-4ED8-AECF-7CA52AD733DF}.Release|TwinCAT CE7 (ARMV7).ActiveCfg = Release|TwinCAT CE7 (ARMV7)
		{953E7D24-8971-4ED8-AECF-7CA52AD733DF}.Release|TwinCAT CE7 (ARMV7).Build.0 = Release|TwinCAT CE7 (ARMV7)
		{953E7D24-8971-4ED8-AECF-7CA52AD733DF}.Release|TwinCAT OS (ARMT2).ActiveCfg = Release|TwinCAT OS (ARMT2)
		{953E7D24-8971-4ED8-AECF-7CA52AD733DF}.Release|TwinCAT OS (ARMT2).Build.0 = Release|TwinCAT OS (ARMT2)
		{953E7D24-8971-4ED8-AECF-7CA52AD733DF}.Release|TwinCAT RT (x64).ActiveCfg = Release|TwinCAT RT (x64)
		{953E7D24-8971-4ED8-AECF-7CA52AD733DF}.Release|TwinCAT RT (x64).Build.0 = Release|TwinCAT RT (x64)
		{953E7D24-8971-4ED8-AECF-7CA52AD733DF}.Release|TwinCAT RT (x86).ActiveCfg = Release|TwinCAT RT (x86)
		{953E7D24-8971-4ED8-AECF-7CA52AD733DF}.Release|TwinCAT RT (x86).Build.0 = Release|TwinCAT RT (x86)
		{7DDE41F7-1CEE-48E6-BE84-6276E7BD148B}.Debug|TwinCAT CE7 (ARMV7).ActiveCfg = Debug|TwinCAT CE7 (ARMV7)
		{7DDE41F7-1CEE-48E6-BE84-6276E7BD148B}.Debug|TwinCAT CE7 (ARMV7).Build.0 = Debug|TwinCAT CE7 (ARMV7)
		{7DDE41F7-1CEE-48E6-BE84-6276E7BD148B}.Debug|TwinCAT OS (ARMT2).ActiveCfg = Debug|TwinCAT OS (ARMT2)
		{7DDE41F7-1CEE-48E6-BE84-6276E7BD148B}.Debug|TwinCAT OS (ARMT2).Build.0 = Debug|TwinCAT OS (ARMT2)
		{7DDE41F7-1CEE-48E6-BE84-6276E7BD148B}.Debug|TwinCAT RT (x64).ActiveCfg = Debug|TwinCAT RT (x64)
		{7DDE41F7-1CEE-48E6-BE84-6276E7BD148B}.Debug|TwinCAT RT (x64).Build.0 = Debug|TwinCAT RT (x64)
		{7DDE41F7-1CEE-48E6-BE84-6276E7BD148B}.Debug|TwinCAT RT (x86).ActiveCfg = Debug|TwinCAT RT (x86)
		{7DDE41F7-1CEE-48E6-BE84-6276E7BD148B}.Debug|TwinCAT RT (x86).Build.0 = Debug|TwinCAT RT (x86)
		{7DDE41F7-1CEE-48E6-BE84-6276E7BD148B}.Release|TwinCAT CE7 (ARMV7).ActiveCfg = Release|TwinCAT CE7 (ARMV7)
		{7DDE41F7-1CEE-48E6-BE84-6276E7BD148B}.Release|TwinCAT CE7 (ARMV7).Build.0 = Release|TwinCAT CE7 (ARMV7)
		{7DDE41F7-1CEE-48E6-BE84-6276E7BD148B}.Release|TwinCAT OS (ARMT2).ActiveCfg = Release|TwinCAT OS (ARMT2)
		{7DDE41F7-1CEE-48E6-BE84-6276E7BD148B}.Release|TwinCAT OS (ARMT2).Build.0 = Release|TwinCAT OS (ARMT2)
		{7DDE41F7-1CEE-48E6-BE84-6276E7BD148B}.Release|TwinCAT RT (x64).ActiveCfg = Release|TwinCAT RT (x64)
		{7DDE41F7-1CEE-48E6-BE84-6276E7BD148B}.Release|TwinCAT RT (x64).Build.0 = Release|TwinCAT RT (x64)
		{7DDE41F7-1CEE-48E6-BE84-6276E7BD148B}.Release|TwinCAT RT (x86).ActiveCfg = Release|TwinCAT RT (x86)
		{7DDE41F7-1CEE-48E6-BE84-6276E7BD148B}.Release|TwinCAT RT (x86).Build.0 = Release|TwinCAT RT (x86)
	EndGlobalSection
	GlobalSection(SolutionProperties) = preSolution
		HideSolutionNode = FALSE
	EndGlobalSection
	GlobalSection(ExtensibilityGlobals) = postSolution
		SolutionGuid = {5A7AAB7C-D717-4D5C-878F-55A9643850C2}
	EndGlobalSection
EndGlobal
