<Project DefaultTargets="Build" ToolsVersion="4.0" xmlns="http://schemas.microsoft.com/developer/msbuild/2003">
	<ItemGroup>
		<Filter Include="TwinCAT">
			<UniqueIdentifier>{8B10DCB3-83EA-4B3C-E8C9-534B0E6F16AB}</UniqueIdentifier>
		</Filter>
		<Filter Include="TwinCAT\ClassFactory">
			<UniqueIdentifier>{B8F8B799-88A9-C389-ACE3-2C37126428AA}</UniqueIdentifier>
		</Filter>
		<Filter Include="TwinCAT\RT">
			<UniqueIdentifier>{C0B69254-CCF5-99AA-B92B-B42876328F41}</UniqueIdentifier>
		</Filter>
		<Filter Include="TwinCAT\OS">
			<UniqueIdentifier>{5C50B83C-0E52-7C92-FC62-B214AF914B3A}</UniqueIdentifier>
		</Filter>
		<Filter Include="TwinCAT\UM">
			<UniqueIdentifier>{C76B204D-27D4-52CF-7C84-B05BC7A3A977}</UniqueIdentifier>
		</Filter>
		<Filter Include="TwinCAT\Classes">
			<UniqueIdentifier>{DF446AB5-1936-881F-B595-3DCBD7BD09DA}</UniqueIdentifier>
		</Filter>
		<Filter Include="TwinCAT\Classes\DraftSimpleEstimatorANDControl">
			<UniqueIdentifier>{E644C075-F624-D8EE-B630-FF07F599462B}</UniqueIdentifier>
		</Filter>
		<Filter Include="Resource Files">
			<UniqueIdentifier>{0A1C9101-DE53-73E8-26D3-3A5C9FA64140}</UniqueIdentifier>
		</Filter>
		<Filter Include="Simulink">
			<UniqueIdentifier>{0DED3BDD-D4AE-ED73-3B36-E5793D972D9D}</UniqueIdentifier>
		</Filter>
		<Filter Include="Simulink\DraftSimpleEstimatorANDControl">
			<UniqueIdentifier>{2ADF99B3-6E3D-F5F2-70C5-4A9323A7E5DE}</UniqueIdentifier>
		</Filter>
		<Filter Include="Simulink\DraftSimpleEstimatorANDControl\Sources">
			<UniqueIdentifier>{2C2DF7F6-1043-D589-1105-65B40F081E73}</UniqueIdentifier>
		</Filter>
		<Filter Include="Simulink\DraftSimpleEstimatorANDControl\Includes">
			<UniqueIdentifier>{01089F1E-1506-F541-8327-58B7926498CF}</UniqueIdentifier>
		</Filter>
		<Filter Include="xml">
			<UniqueIdentifier>{32EA39FB-33D7-F78F-1D5F-A948A9C423B1}</UniqueIdentifier>
		</Filter>
		<Filter Include="TMx">
			<UniqueIdentifier>{EFFAF6A9-43A7-CC4F-A6E6-E9A5FE70CBA0}</UniqueIdentifier>
		</Filter>
	</ItemGroup>
	<ItemGroup>
		<ClInclude Include="TcPch.h">
			<Filter>TwinCAT</Filter>
		</ClInclude>
		<ClInclude Include="DraftSimpleEstimatorANDControlServices.h">
			<Filter>TwinCAT</Filter>
		</ClInclude>
		<ClInclude Include="DraftSimpleEstimatorANDControlDuts.h">
			<Filter>TwinCAT</Filter>
		</ClInclude>
		<ClInclude Include="DraftSimpleEstimatorANDControlInterfaces.h">
			<Filter>TwinCAT</Filter>
		</ClInclude>
		<ClInclude Include="DraftSimpleEstimatorANDControlClassFactory.h">
			<Filter>TwinCAT\ClassFactory</Filter>
		</ClInclude>
		<ClInclude Include="DraftSimpleEstimatorANDControlDrv.h">
			<Filter>TwinCAT\RT</Filter>
		</ClInclude>
		<ClInclude Include="DraftSimpleEstimatorANDControlCtrl.h">
			<Filter>TwinCAT\UM</Filter>
		</ClInclude>
		<ClInclude Include="DraftSimpleEstimatorANDControlW32.h">
			<Filter>TwinCAT\UM</Filter>
		</ClInclude>
		<ClInclude Include="DraftSimpleEstimatorANDControlW32Resource.h">
			<Filter>TwinCAT\UM</Filter>
		</ClInclude>
		<ClInclude Include="TcComDraftSimpleEstimatorANDControl.h">
			<Filter>TwinCAT\Classes\DraftSimpleEstimatorANDControl</Filter>
		</ClInclude>
		<ClInclude Include="FbDraftSimpleEstimatorANDControl.h">
			<Filter>TwinCAT\Classes\DraftSimpleEstimatorANDControl</Filter>
		</ClInclude>
		<ClInclude Include="DraftSimpleEstimatorANDControlInternal.h">
			<Filter>TwinCAT\Classes\DraftSimpleEstimatorANDControl</Filter>
		</ClInclude>
		<ClInclude Include="$(Simulink_DraftSimpleEstimatorANDControl_START_DIR)\DraftSimpleEstimatorANDControl_tcgrt\DraftSimpleEstimatorANDControl.h">
			<Filter>Simulink\DraftSimpleEstimatorANDControl\Includes</Filter>
		</ClInclude>
		<ClInclude Include="$(Simulink_DraftSimpleEstimatorANDControl_START_DIR)\DraftSimpleEstimatorANDControl_tcgrt\DraftSimpleEstimatorANDControl_private.h">
			<Filter>Simulink\DraftSimpleEstimatorANDControl\Includes</Filter>
		</ClInclude>
		<ClInclude Include="$(Simulink_DraftSimpleEstimatorANDControl_START_DIR)\DraftSimpleEstimatorANDControl_tcgrt\DraftSimpleEstimatorANDControl_types.h">
			<Filter>Simulink\DraftSimpleEstimatorANDControl\Includes</Filter>
		</ClInclude>
		<ClInclude Include="$(Simulink_DraftSimpleEstimatorANDControl_START_DIR)\DraftSimpleEstimatorANDControl_tcgrt\multiword_types.h">
			<Filter>Simulink\DraftSimpleEstimatorANDControl\Includes</Filter>
		</ClInclude>
		<ClInclude Include="$(Simulink_DraftSimpleEstimatorANDControl_START_DIR)\DraftSimpleEstimatorANDControl_tcgrt\rtmodel.h">
			<Filter>Simulink\DraftSimpleEstimatorANDControl\Includes</Filter>
		</ClInclude>
		<ClInclude Include="$(Simulink_DraftSimpleEstimatorANDControl_START_DIR)\DraftSimpleEstimatorANDControl_tcgrt\rtwtypes.h">
			<Filter>Simulink\DraftSimpleEstimatorANDControl\Includes</Filter>
		</ClInclude>
	</ItemGroup>
	<ItemGroup>
		<ClCompile Include="TcPch.cpp">
			<Filter>TwinCAT</Filter>
		</ClCompile>
		<ClCompile Include="DraftSimpleEstimatorANDControlClassFactory.cpp">
			<Filter>TwinCAT\ClassFactory</Filter>
		</ClCompile>
		<ClCompile Include="DraftSimpleEstimatorANDControlDrv.cpp">
			<Filter>TwinCAT\RT</Filter>
		</ClCompile>
		<ClCompile Include="DraftSimpleEstimatorANDControlModulesMain.cpp">
			<Filter>TwinCAT\OS</Filter>
		</ClCompile>
		<ClCompile Include="DraftSimpleEstimatorANDControlCtrl.cpp">
			<Filter>TwinCAT\UM</Filter>
		</ClCompile>
		<ClCompile Include="DraftSimpleEstimatorANDControlW32.cpp">
			<Filter>TwinCAT\UM</Filter>
		</ClCompile>
		<ClCompile Include="TcComDraftSimpleEstimatorANDControl.cpp">
			<Filter>TwinCAT\Classes\DraftSimpleEstimatorANDControl</Filter>
		</ClCompile>
		<ClCompile Include="FbDraftSimpleEstimatorANDControl.cpp">
			<Filter>TwinCAT\Classes\DraftSimpleEstimatorANDControl</Filter>
		</ClCompile>
		<ClCompile Include="$(Simulink_DraftSimpleEstimatorANDControl_START_DIR)\DraftSimpleEstimatorANDControl_tcgrt\DraftSimpleEstimatorANDControl.cpp">
			<Filter>Simulink\DraftSimpleEstimatorANDControl\Sources</Filter>
		</ClCompile>
		<ClCompile Include="$(Simulink_DraftSimpleEstimatorANDControl_MATLAB_ROOT)\rtw\c\src\common\rt_malloc_main.cpp">
			<Filter>Simulink\DraftSimpleEstimatorANDControl\Sources</Filter>
		</ClCompile>
	</ItemGroup>
	<ItemGroup>
		<ResourceCompile Include="DraftSimpleEstimatorANDControlW32.rc">
			<Filter>TwinCAT\UM</Filter>
		</ResourceCompile>
		<ResourceCompile Include="DraftSimpleEstimatorANDControl.rc">
			<Filter>Resource Files</Filter>
		</ResourceCompile>
	</ItemGroup>
	<ItemGroup>
		<None Include="DraftSimpleEstimatorANDControlArtifacts.props">
			<Filter>DraftSimpleEstimatorANDControl.vcxproj</Filter>
		</None>
		<None Include="DraftSimpleEstimatorANDControlW32.def">
			<Filter>TwinCAT\UM</Filter>
		</None>
		<None Include="DraftSimpleEstimatorANDControl_ModuleInfo.xml">
			<Filter>TwinCAT\Classes\DraftSimpleEstimatorANDControl</Filter>
		</None>
		<None Include="DraftSimpleEstimatorANDControl.libcat.xml">
			<Filter>xml</Filter>
		</None>
		<None Include="DraftSimpleEstimatorANDControl.tmc">
			<Filter>TMx</Filter>
		</None>
		<None Include="DraftSimpleEstimatorANDControl.tml">
			<Filter>TMx</Filter>
		</None>
	</ItemGroup>
</Project>
