<Project DefaultTargets="Build" ToolsVersion="4.0" xmlns="http://schemas.microsoft.com/developer/msbuild/2003">
	<ItemGroup>
		<Filter Include="TwinCAT">
			<UniqueIdentifier>{7EC2AD72-58A8-934A-DC6C-61F4F4A540C5}</UniqueIdentifier>
		</Filter>
		<Filter Include="TwinCAT\ClassFactory">
			<UniqueIdentifier>{A140A917-CADA-1BF1-8560-6062AC24F0FA}</UniqueIdentifier>
		</Filter>
		<Filter Include="TwinCAT\RT">
			<UniqueIdentifier>{FE0E6E26-56D3-E686-93DA-920A93D5684D}</UniqueIdentifier>
		</Filter>
		<Filter Include="TwinCAT\OS">
			<UniqueIdentifier>{9A6F1A5D-B426-6664-93E5-6A26A9158378}</UniqueIdentifier>
		</Filter>
		<Filter Include="TwinCAT\UM">
			<UniqueIdentifier>{4E5B9055-D55E-AC6B-28FE-656877BB718D}</UniqueIdentifier>
		</Filter>
		<Filter Include="TwinCAT\Classes">
			<UniqueIdentifier>{0BB3E11D-2CD9-47A4-2870-C9148D3888A3}</UniqueIdentifier>
		</Filter>
		<Filter Include="TwinCAT\Classes\simpleObserver">
			<UniqueIdentifier>{BFE63BD5-E652-CD35-1652-1D526FFBE8EE}</UniqueIdentifier>
		</Filter>
		<Filter Include="Resource Files">
			<UniqueIdentifier>{B13B13F0-76C9-7779-015A-9F16A0C7D099}</UniqueIdentifier>
		</Filter>
		<Filter Include="Simulink">
			<UniqueIdentifier>{2635FE18-CD07-B042-083D-6A507417749F}</UniqueIdentifier>
		</Filter>
		<Filter Include="Simulink\simpleObserver">
			<UniqueIdentifier>{50A5D969-A438-70D0-506D-3C6FB74B9D28}</UniqueIdentifier>
		</Filter>
		<Filter Include="Simulink\simpleObserver\Sources">
			<UniqueIdentifier>{DEE5417C-9612-608D-79C5-26C1B3C93BB9}</UniqueIdentifier>
		</Filter>
		<Filter Include="Simulink\simpleObserver\Includes">
			<UniqueIdentifier>{3411E7FF-EE66-CAC8-EA4E-E72E022E5D8A}</UniqueIdentifier>
		</Filter>
		<Filter Include="xml">
			<UniqueIdentifier>{98118E0C-8E34-9B23-FA5C-1B2F713922C6}</UniqueIdentifier>
		</Filter>
		<Filter Include="TMx">
			<UniqueIdentifier>{144A3CC3-D207-FD32-D181-4DE902712D8A}</UniqueIdentifier>
		</Filter>
	</ItemGroup>
	<ItemGroup>
		<ClInclude Include="TcPch.h">
			<Filter>TwinCAT</Filter>
		</ClInclude>
		<ClInclude Include="simpleObserverServices.h">
			<Filter>TwinCAT</Filter>
		</ClInclude>
		<ClInclude Include="simpleObserverDuts.h">
			<Filter>TwinCAT</Filter>
		</ClInclude>
		<ClInclude Include="simpleObserverInterfaces.h">
			<Filter>TwinCAT</Filter>
		</ClInclude>
		<ClInclude Include="simpleObserverClassFactory.h">
			<Filter>TwinCAT\ClassFactory</Filter>
		</ClInclude>
		<ClInclude Include="simpleObserverDrv.h">
			<Filter>TwinCAT\RT</Filter>
		</ClInclude>
		<ClInclude Include="simpleObserverCtrl.h">
			<Filter>TwinCAT\UM</Filter>
		</ClInclude>
		<ClInclude Include="simpleObserverW32.h">
			<Filter>TwinCAT\UM</Filter>
		</ClInclude>
		<ClInclude Include="simpleObserverW32Resource.h">
			<Filter>TwinCAT\UM</Filter>
		</ClInclude>
		<ClInclude Include="TcComsimpleObserver.h">
			<Filter>TwinCAT\Classes\simpleObserver</Filter>
		</ClInclude>
		<ClInclude Include="FbsimpleObserver.h">
			<Filter>TwinCAT\Classes\simpleObserver</Filter>
		</ClInclude>
		<ClInclude Include="simpleObserverInternal.h">
			<Filter>TwinCAT\Classes\simpleObserver</Filter>
		</ClInclude>
		<ClInclude Include="$(Simulink_simpleObserver_START_DIR)\simpleObserver_tcgrt\multiword_types.h">
			<Filter>Simulink\simpleObserver\Includes</Filter>
		</ClInclude>
		<ClInclude Include="$(Simulink_simpleObserver_START_DIR)\simpleObserver_tcgrt\rtmodel.h">
			<Filter>Simulink\simpleObserver\Includes</Filter>
		</ClInclude>
		<ClInclude Include="$(Simulink_simpleObserver_START_DIR)\simpleObserver_tcgrt\rtwtypes.h">
			<Filter>Simulink\simpleObserver\Includes</Filter>
		</ClInclude>
		<ClInclude Include="$(Simulink_simpleObserver_START_DIR)\simpleObserver_tcgrt\simpleObserver.h">
			<Filter>Simulink\simpleObserver\Includes</Filter>
		</ClInclude>
		<ClInclude Include="$(Simulink_simpleObserver_START_DIR)\simpleObserver_tcgrt\simpleObserver_private.h">
			<Filter>Simulink\simpleObserver\Includes</Filter>
		</ClInclude>
		<ClInclude Include="$(Simulink_simpleObserver_START_DIR)\simpleObserver_tcgrt\simpleObserver_types.h">
			<Filter>Simulink\simpleObserver\Includes</Filter>
		</ClInclude>
	</ItemGroup>
	<ItemGroup>
		<ClCompile Include="TcPch.cpp">
			<Filter>TwinCAT</Filter>
		</ClCompile>
		<ClCompile Include="simpleObserverClassFactory.cpp">
			<Filter>TwinCAT\ClassFactory</Filter>
		</ClCompile>
		<ClCompile Include="simpleObserverDrv.cpp">
			<Filter>TwinCAT\RT</Filter>
		</ClCompile>
		<ClCompile Include="simpleObserverModulesMain.cpp">
			<Filter>TwinCAT\OS</Filter>
		</ClCompile>
		<ClCompile Include="simpleObserverCtrl.cpp">
			<Filter>TwinCAT\UM</Filter>
		</ClCompile>
		<ClCompile Include="simpleObserverW32.cpp">
			<Filter>TwinCAT\UM</Filter>
		</ClCompile>
		<ClCompile Include="TcComsimpleObserver.cpp">
			<Filter>TwinCAT\Classes\simpleObserver</Filter>
		</ClCompile>
		<ClCompile Include="FbsimpleObserver.cpp">
			<Filter>TwinCAT\Classes\simpleObserver</Filter>
		</ClCompile>
		<ClCompile Include="$(Simulink_simpleObserver_START_DIR)\simpleObserver_tcgrt\simpleObserver.cpp">
			<Filter>Simulink\simpleObserver\Sources</Filter>
		</ClCompile>
		<ClCompile Include="$(Simulink_simpleObserver_START_DIR)\simpleObserver_tcgrt\simpleObserver_data.cpp">
			<Filter>Simulink\simpleObserver\Sources</Filter>
		</ClCompile>
		<ClCompile Include="$(Simulink_simpleObserver_MATLAB_ROOT)\rtw\c\src\common\rt_main.cpp">
			<Filter>Simulink\simpleObserver\Sources</Filter>
		</ClCompile>
	</ItemGroup>
	<ItemGroup>
		<ResourceCompile Include="simpleObserverW32.rc">
			<Filter>TwinCAT\UM</Filter>
		</ResourceCompile>
		<ResourceCompile Include="simpleObserver.rc">
			<Filter>Resource Files</Filter>
		</ResourceCompile>
	</ItemGroup>
	<ItemGroup>
		<None Include="simpleObserverArtifacts.props">
			<Filter>simpleObserver.vcxproj</Filter>
		</None>
		<None Include="simpleObserverW32.def">
			<Filter>TwinCAT\UM</Filter>
		</None>
		<None Include="simpleObserver_ModuleInfo.xml">
			<Filter>TwinCAT\Classes\simpleObserver</Filter>
		</None>
		<None Include="simpleObserver.libcat.xml">
			<Filter>xml</Filter>
		</None>
		<None Include="simpleObserver.tmc">
			<Filter>TMx</Filter>
		</None>
		<None Include="simpleObserver.tml">
			<Filter>TMx</Filter>
		</None>
	</ItemGroup>
</Project>
